
Microsoft Visual Studio Solution File, Format Version 12.00
# Visual Studio Version 17
VisualStudioVersion = 17.13.35919.96 d17.13
MinimumVisualStudioVersion = 10.0.40219.1
Project("{FAE04EC0-301F-11D3-BF4B-00C04F79EFBC}") = "codeFirst", "codeFirst\codeFirst.csproj", "{231D26C7-3F44-4BDB-B0D3-9E399D257B92}"
EndProject
Global
	GlobalSection(SolutionConfigurationPlatforms) = preSolution
		Debug|Any CPU = Debug|Any CPU
		Release|Any CPU = Release|Any CPU
	EndGlobalSection
	GlobalSection(ProjectConfigurationPlatforms) = postSolution
		{231D26C7-3F44-4BDB-B0D3-9E399D257B92}.Debug|Any CPU.ActiveCfg = Debug|Any CPU
		{231D26C7-3F44-4BDB-B0D3-9E399D257B92}.Debug|Any CPU.Build.0 = Debug|Any CPU
		{231D26C7-3F44-4BDB-B0D3-9E399D257B92}.Release|Any CPU.ActiveCfg = Release|Any CPU
		{231D26C7-3F44-4BDB-B0D3-9E399D257B92}.Release|Any CPU.Build.0 = Release|Any CPU
	EndGlobalSection
	GlobalSection(SolutionProperties) = preSolution
		HideSolutionNode = FALSE
	EndGlobalSection
	GlobalSection(ExtensibilityGlobals) = postSolution
		SolutionGuid = {BE0380D2-4C60-45CF-947F-3559A49E6B2D}
	EndGlobalSection
EndGlobal
